
Microsoft Visual Studio Solution File, Format Version 12.00
# Visual Studio Version 17
VisualStudioVersion = 17.1.32228.430
MinimumVisualStudioVersion = 10.0.40219.1
Project("{FAE04EC0-301F-11D3-BF4B-00C04F79EFBC}") = "Ejercicio I02", "Ejercicio I02.csproj", "{98C34848-6BB7-44DC-96EA-A67F06B075E8}"
EndProject
Project("{FAE04EC0-301F-11D3-BF4B-00C04F79EFBC}") = "Users", "..\Users\Users.csproj", "{14783D11-79F4-4C99-B318-5BA69B79ADC3}"
EndProject
Global
	GlobalSection(SolutionConfigurationPlatforms) = preSolution
		Debug|Any CPU = Debug|Any CPU
		Release|Any CPU = Release|Any CPU
	EndGlobalSection
	GlobalSection(ProjectConfigurationPlatforms) = postSolution
		{98C34848-6BB7-44DC-96EA-A67F06B075E8}.Debug|Any CPU.ActiveCfg = Debug|Any CPU
		{98C34848-6BB7-44DC-96EA-A67F06B075E8}.Debug|Any CPU.Build.0 = Debug|Any CPU
		{98C34848-6BB7-44DC-96EA-A67F06B075E8}.Release|Any CPU.ActiveCfg = Release|Any CPU
		{98C34848-6BB7-44DC-96EA-A67F06B075E8}.Release|Any CPU.Build.0 = Release|Any CPU
		{14783D11-79F4-4C99-B318-5BA69B79ADC3}.Debug|Any CPU.ActiveCfg = Debug|Any CPU
		{14783D11-79F4-4C99-B318-5BA69B79ADC3}.Debug|Any CPU.Build.0 = Debug|Any CPU
		{14783D11-79F4-4C99-B318-5BA69B79ADC3}.Release|Any CPU.ActiveCfg = Release|Any CPU
		{14783D11-79F4-4C99-B318-5BA69B79ADC3}.Release|Any CPU.Build.0 = Release|Any CPU
	EndGlobalSection
	GlobalSection(SolutionProperties) = preSolution
		HideSolutionNode = FALSE
	EndGlobalSection
	GlobalSection(ExtensibilityGlobals) = postSolution
		SolutionGuid = {058959F2-A681-4748-8FB1-162298E722B8}
	EndGlobalSection
EndGlobal
