
Microsoft Visual Studio Solution File, Format Version 12.00
# Visual Studio Version 17
VisualStudioVersion = 17.1.32228.430
MinimumVisualStudioVersion = 10.0.40219.1
Project("{FAE04EC0-301F-11D3-BF4B-00C04F79EFBC}") = "Ejercicio I08", "Ejercicio I08.csproj", "{4B75A758-6617-4A18-BEFF-29FB4304F24A}"
EndProject
Global
	GlobalSection(SolutionConfigurationPlatforms) = preSolution
		Debug|Any CPU = Debug|Any CPU
		Release|Any CPU = Release|Any CPU
	EndGlobalSection
	GlobalSection(ProjectConfigurationPlatforms) = postSolution
		{4B75A758-6617-4A18-BEFF-29FB4304F24A}.Debug|Any CPU.ActiveCfg = Debug|Any CPU
		{4B75A758-6617-4A18-BEFF-29FB4304F24A}.Debug|Any CPU.Build.0 = Debug|Any CPU
		{4B75A758-6617-4A18-BEFF-29FB4304F24A}.Release|Any CPU.ActiveCfg = Release|Any CPU
		{4B75A758-6617-4A18-BEFF-29FB4304F24A}.Release|Any CPU.Build.0 = Release|Any CPU
	EndGlobalSection
	GlobalSection(SolutionProperties) = preSolution
		HideSolutionNode = FALSE
	EndGlobalSection
	GlobalSection(ExtensibilityGlobals) = postSolution
		SolutionGuid = {60E75032-9B24-48E0-BC01-2D1633ADCF0B}
	EndGlobalSection
EndGlobal
